
Microsoft Visual Studio Solution File, Format Version 12.00
# Visual Studio Version 17
VisualStudioVersion = 17.3.32929.385
MinimumVisualStudioVersion = 10.0.40219.1
Project("{FAE04EC0-301F-11D3-BF4B-00C04F79EFBC}") = "Nozdormu.Library", "Nozdormu.Library\Nozdormu.Library.csproj", "{8E3D5F52-FDBF-4CFA-AD8F-387465AF9F73}"
EndProject
Project("{FAE04EC0-301F-11D3-BF4B-00C04F79EFBC}") = "Nozdormu.Server", "Nozdormu.Server\Nozdormu.Server.csproj", "{C3973DEB-DA2A-4E49-A378-0AA9CDEA26D7}"
EndProject
Global
	GlobalSection(SolutionConfigurationPlatforms) = preSolution
		Debug|Any CPU = Debug|Any CPU
		Release|Any CPU = Release|Any CPU
	EndGlobalSection
	GlobalSection(ProjectConfigurationPlatforms) = postSolution
		{8E3D5F52-FDBF-4CFA-AD8F-387465AF9F73}.Debug|Any CPU.ActiveCfg = Debug|Any CPU
		{8E3D5F52-FDBF-4CFA-AD8F-387465AF9F73}.Debug|Any CPU.Build.0 = Debug|Any CPU
		{8E3D5F52-FDBF-4CFA-AD8F-387465AF9F73}.Release|Any CPU.ActiveCfg = Release|Any CPU
		{8E3D5F52-FDBF-4CFA-AD8F-387465AF9F73}.Release|Any CPU.Build.0 = Release|Any CPU
		{C3973DEB-DA2A-4E49-A378-0AA9CDEA26D7}.Debug|Any CPU.ActiveCfg = Debug|Any CPU
		{C3973DEB-DA2A-4E49-A378-0AA9CDEA26D7}.Debug|Any CPU.Build.0 = Debug|Any CPU
		{C3973DEB-DA2A-4E49-A378-0AA9CDEA26D7}.Release|Any CPU.ActiveCfg = Release|Any CPU
		{C3973DEB-DA2A-4E49-A378-0AA9CDEA26D7}.Release|Any CPU.Build.0 = Release|Any CPU
	EndGlobalSection
	GlobalSection(SolutionProperties) = preSolution
		HideSolutionNode = FALSE
	EndGlobalSection
	GlobalSection(ExtensibilityGlobals) = postSolution
		SolutionGuid = {1D05A784-7D3D-4476-8824-F82F7A2808C5}
	EndGlobalSection
EndGlobal
